<?xml version="1.0" encoding="utf-8"?>
<Project ToolsVersion="4.0" xmlns="http://schemas.microsoft.com/developer/msbuild/2003">
  <ItemGroup>
    <Filter Include="Source Files">
      <UniqueIdentifier>{4FC737F1-C7A5-4376-A066-2A32D752A2FF}</UniqueIdentifier>
      <Extensions>cpp;c;cc;cxx;def;odl;idl;hpj;bat;asm;asmx</Extensions>
    </Filter>
    <Filter Include="Header Files">
      <UniqueIdentifier>{93995380-89BD-4b04-88EB-625FBE52EBFB}</UniqueIdentifier>
      <Extensions>h;hh;hpp;hxx;hm;inl;inc;ipp;xsd</Extensions>
    </Filter>
    <Filter Include="Resource Files">
      <UniqueIdentifier>{67DA6AB6-F800-4c08-8B7A-83BB121AAD01}</UniqueIdentifier>
      <Extensions>rc;ico;cur;bmp;dlg;rc2;rct;bin;rgs;gif;jpg;jpeg;jpe;resx;tiff;tif;png;wav;mfcribbon-ms</Extensions>
    </Filter>
  </ItemGroup>
  <ItemGroup>
    <ClInclude Include="checkML.h">
      <Filter>Header Files</Filter>
    </ClInclude>
    <ClInclude Include="ver_7\AudioManager.h">
      <Filter>Header Files</Filter>
    </ClInclude>
    <ClInclude Include="ver_7\BallMoveBehaviour.h">
      <Filter>Header Files</Filter>
    </ClInclude>
    <ClInclude Include="ver_7\Collisions.h">
      <Filter>Header Files</Filter>
    </ClInclude>
    <ClInclude Include="ver_7\Component.h">
      <Filter>Header Files</Filter>
    </ClInclude>
    <ClInclude Include="ver_7\ecs.h">
      <Filter>Header Files</Filter>
    </ClInclude>
    <ClInclude Include="ver_7\Entity.h">
      <Filter>Header Files</Filter>
    </ClInclude>
    <ClInclude Include="ver_7\Font.h">
      <Filter>Header Files</Filter>
    </ClInclude>
    <ClInclude Include="ver_7\FontsManager.h">
      <Filter>Header Files</Filter>
    </ClInclude>
    <ClInclude Include="ver_7\GameCtrl.h">
      <Filter>Header Files</Filter>
    </ClInclude>
    <ClInclude Include="ver_7\GameLogic.h">
      <Filter>Header Files</Filter>
    </ClInclude>
    <ClInclude Include="ver_7\InputHandler.h">
      <Filter>Header Files</Filter>
    </ClInclude>
    <ClInclude Include="ver_7\jute.h">
      <Filter>Header Files</Filter>
    </ClInclude>
    <ClInclude Include="ver_7\Manager.h">
      <Filter>Header Files</Filter>
    </ClInclude>
    <ClInclude Include="ver_7\ObjectPool.h">
      <Filter>Header Files</Filter>
    </ClInclude>
    <ClInclude Include="ver_7\PaddleKBCtrl.h">
      <Filter>Header Files</Filter>
    </ClInclude>
    <ClInclude Include="ver_7\PaddleMouseCtrl.h">
      <Filter>Header Files</Filter>
    </ClInclude>
    <ClInclude Include="ver_7\PaddleMoveBehaviour.h">
      <Filter>Header Files</Filter>
    </ClInclude>
    <ClInclude Include="ver_7\PingPong.h">
      <Filter>Header Files</Filter>
    </ClInclude>
    <ClInclude Include="ver_7\RandomNumberGenerator.h">
      <Filter>Header Files</Filter>
    </ClInclude>
    <ClInclude Include="ver_7\Rectangle.h">
      <Filter>Header Files</Filter>
    </ClInclude>
    <ClInclude Include="ver_7\Resources.h">
      <Filter>Header Files</Filter>
    </ClInclude>
    <ClInclude Include="ver_7\ScoreManager.h">
      <Filter>Header Files</Filter>
    </ClInclude>
    <ClInclude Include="ver_7\ScoreViewer.h">
      <Filter>Header Files</Filter>
    </ClInclude>
    <ClInclude Include="ver_7\SDL_macros.h">
      <Filter>Header Files</Filter>
    </ClInclude>
    <ClInclude Include="ver_7\SDLAudioManager.h">
      <Filter>Header Files</Filter>
    </ClInclude>
    <ClInclude Include="ver_7\SDLFontsManager.h">
      <Filter>Header Files</Filter>
    </ClInclude>
    <ClInclude Include="ver_7\SDLGame.h">
      <Filter>Header Files</Filter>
    </ClInclude>
    <ClInclude Include="ver_7\SDLTexturesManager.h">
      <Filter>Header Files</Filter>
    </ClInclude>
    <ClInclude Include="ver_7\SimpleMoveBahviour.h">
      <Filter>Header Files</Filter>
    </ClInclude>
    <ClInclude Include="ver_7\SRandBasedGenerator.h">
      <Filter>Header Files</Filter>
    </ClInclude>
    <ClInclude Include="ver_7\Texture.h">
      <Filter>Header Files</Filter>
    </ClInclude>
    <ClInclude Include="ver_7\TexturesManager.h">
      <Filter>Header Files</Filter>
    </ClInclude>
    <ClInclude Include="ver_7\Transform.h">
      <Filter>Header Files</Filter>
    </ClInclude>
    <ClInclude Include="ver_7\Vector2D.h">
      <Filter>Header Files</Filter>
    </ClInclude>
    <ClInclude Include="ver_7\VelocityVectorViewer.h">
      <Filter>Header Files</Filter>
    </ClInclude>
  </ItemGroup>
  <ItemGroup>
    <ClCompile Include="ver_7\AudioManager.cpp">
      <Filter>Source Files</Filter>
    </ClCompile>
    <ClCompile Include="ver_7\BallMoveBehaviour.cpp">
      <Filter>Source Files</Filter>
    </ClCompile>
    <ClCompile Include="ver_7\Collisions.cpp">
      <Filter>Source Files</Filter>
    </ClCompile>
    <ClCompile Include="ver_7\Component.cpp">
      <Filter>Source Files</Filter>
    </ClCompile>
    <ClCompile Include="ver_7\Entity.cpp">
      <Filter>Source Files</Filter>
    </ClCompile>
    <ClCompile Include="ver_7\Font.cpp">
      <Filter>Source Files</Filter>
    </ClCompile>
    <ClCompile Include="ver_7\FontsManager.cpp">
      <Filter>Source Files</Filter>
    </ClCompile>
    <ClCompile Include="ver_7\GameCtrl.cpp">
      <Filter>Source Files</Filter>
    </ClCompile>
    <ClCompile Include="ver_7\GameLogic.cpp">
      <Filter>Source Files</Filter>
    </ClCompile>
    <ClCompile Include="ver_7\InputHandler.cpp">
      <Filter>Source Files</Filter>
    </ClCompile>
    <ClCompile Include="ver_7\jute.cpp">
      <Filter>Source Files</Filter>
    </ClCompile>
    <ClCompile Include="ver_7\main.cpp">
      <Filter>Source Files</Filter>
    </ClCompile>
    <ClCompile Include="ver_7\Manager.cpp">
      <Filter>Source Files</Filter>
    </ClCompile>
    <ClCompile Include="ver_7\ObjectPool.cpp">
      <Filter>Source Files</Filter>
    </ClCompile>
    <ClCompile Include="ver_7\PaddleKBCtrl.cpp">
      <Filter>Source Files</Filter>
    </ClCompile>
    <ClCompile Include="ver_7\PaddleMouseCtrl.cpp">
      <Filter>Source Files</Filter>
    </ClCompile>
    <ClCompile Include="ver_7\PaddleMoveBehaviour.cpp">
      <Filter>Source Files</Filter>
    </ClCompile>
    <ClCompile Include="ver_7\PingPong.cpp">
      <Filter>Source Files</Filter>
    </ClCompile>
    <ClCompile Include="ver_7\RandomNumberGenerator.cpp">
      <Filter>Source Files</Filter>
    </ClCompile>
    <ClCompile Include="ver_7\Rectangle.cpp">
      <Filter>Source Files</Filter>
    </ClCompile>
    <ClCompile Include="ver_7\Resources.cpp">
      <Filter>Source Files</Filter>
    </ClCompile>
    <ClCompile Include="ver_7\ScoreManager.cpp">
      <Filter>Source Files</Filter>
    </ClCompile>
    <ClCompile Include="ver_7\ScoreViewer.cpp">
      <Filter>Source Files</Filter>
    </ClCompile>
    <ClCompile Include="ver_7\sdl_macros.cpp">
      <Filter>Source Files</Filter>
    </ClCompile>
    <ClCompile Include="ver_7\SDLAudioManager.cpp">
      <Filter>Source Files</Filter>
    </ClCompile>
    <ClCompile Include="ver_7\SDLFontsManager.cpp">
      <Filter>Source Files</Filter>
    </ClCompile>
    <ClCompile Include="ver_7\SDLGame.cpp">
      <Filter>Source Files</Filter>
    </ClCompile>
    <ClCompile Include="ver_7\SDLTexturesManager.cpp">
      <Filter>Source Files</Filter>
    </ClCompile>
    <ClCompile Include="ver_7\SimpleMoveBahviour.cpp">
      <Filter>Source Files</Filter>
    </ClCompile>
    <ClCompile Include="ver_7\SRandBasedGenerator.cpp">
      <Filter>Source Files</Filter>
    </ClCompile>
    <ClCompile Include="ver_7\Texture.cpp">
      <Filter>Source Files</Filter>
    </ClCompile>
    <ClCompile Include="ver_7\TexturesManager.cpp">
      <Filter>Source Files</Filter>
    </ClCompile>
    <ClCompile Include="ver_7\Transform.cpp">
      <Filter>Source Files</Filter>
    </ClCompile>
    <ClCompile Include="ver_7\Vector2D.cpp">
      <Filter>Source Files</Filter>
    </ClCompile>
    <ClCompile Include="ver_7\VelocityVectorViewer.cpp">
      <Filter>Source Files</Filter>
    </ClCompile>
  </ItemGroup>
</Project>